<?xml version="1.0" encoding="utf-8"?>
<Project ToolsVersion="4.0" xmlns="http://schemas.microsoft.com/developer/msbuild/2003">
  <ItemGroup>
    <Filter Include="Source Files">
      <UniqueIdentifier>{4FC737F1-C7A5-4376-A066-2A32D752A2FF}</UniqueIdentifier>
      <Extensions>cpp;c;cc;cxx;def;odl;idl;hpj;bat;asm;asmx</Extensions>
    </Filter>
    <Filter Include="Header Files">
      <UniqueIdentifier>{93995380-89BD-4b04-88EB-625FBE52EBFB}</UniqueIdentifier>
      <Extensions>h;hh;hpp;hxx;hm;inl;inc;xsd</Extensions>
    </Filter>
    <Filter Include="Resource Files">
      <UniqueIdentifier>{67DA6AB6-F800-4c08-8B7A-83BB121AAD01}</UniqueIdentifier>
      <Extensions>rc;ico;cur;bmp;dlg;rc2;rct;bin;rgs;gif;jpg;jpeg;jpe;resx;tiff;tif;png;wav;mfcribbon-ms</Extensions>
    </Filter>
    <Filter Include="Source Files\Lib">
      <UniqueIdentifier>{8f6698dd-d28f-4457-9c01-6212664abe6d}</UniqueIdentifier>
    </Filter>
    <Filter Include="Source Files\Header">
      <UniqueIdentifier>{1968b690-0ff5-44fa-af29-812543787bef}</UniqueIdentifier>
    </Filter>
    <Filter Include="Source Files\Lib\Primitive">
      <UniqueIdentifier>{b55a83b4-2655-4e0a-9bab-e81680b1bd96}</UniqueIdentifier>
    </Filter>
    <Filter Include="Source Files\Header\Primitive">
      <UniqueIdentifier>{1322e5a3-b51f-4e91-99ca-026d4c7f3621}</UniqueIdentifier>
    </Filter>
    <Filter Include="Source Files\Lib\Light">
      <UniqueIdentifier>{fb3f92a8-66fc-46d2-96bd-70d5ed9e54c1}</UniqueIdentifier>
    </Filter>
    <Filter Include="Source Files\Header\Light">
      <UniqueIdentifier>{070cd250-30f7-40b8-8399-6c5d9c00f02e}</UniqueIdentifier>
    </Filter>
    <Filter Include="Source Files\Header\Utils">
      <UniqueIdentifier>{565bc301-f975-42f9-a0c2-fe5d9646e905}</UniqueIdentifier>
    </Filter>
    <Filter Include="Source Files\Lib\Utils">
      <UniqueIdentifier>{9a7c3a82-01cc-4590-924a-163719b20379}</UniqueIdentifier>
    </Filter>
  </ItemGroup>
  <ItemGroup>
    <ClCompile Include="Plane.cpp">
      <Filter>Source Files\Lib\Primitive</Filter>
    </ClCompile>
    <ClCompile Include="Cube.cpp">
      <Filter>Source Files\Lib\Primitive</Filter>
    </ClCompile>
    <ClCompile Include="Cylinder.cpp">
      <Filter>Source Files\Lib\Primitive</Filter>
    </ClCompile>
    <ClCompile Include="Bitmap.cpp">
      <Filter>Source Files\Lib</Filter>
    </ClCompile>
    <ClCompile Include="DirectionalLight.cpp">
      <Filter>Source Files\Lib\Light</Filter>
    </ClCompile>
    <ClCompile Include="Light.cpp">
      <Filter>Source Files\Lib\Light</Filter>
    </ClCompile>
    <ClCompile Include="Material.cpp">
      <Filter>Source Files\Lib</Filter>
    </ClCompile>
    <ClCompile Include="Primitive.cpp">
      <Filter>Source Files\Lib\Primitive</Filter>
    </ClCompile>
    <ClCompile Include="Ray.cpp">
      <Filter>Source Files\Lib</Filter>
    </ClCompile>
    <ClCompile Include="RayTracer.cpp">
      <Filter>Source Files\Lib</Filter>
    </ClCompile>
    <ClCompile Include="Sphere.cpp">
      <Filter>Source Files\Lib\Primitive</Filter>
    </ClCompile>
    <ClCompile Include="Tracer.cpp">
      <Filter>Source Files\Lib</Filter>
    </ClCompile>
    <ClCompile Include="Lib\Matrix.cpp">
      <Filter>Source Files\Lib\Utils</Filter>
    </ClCompile>
  </ItemGroup>
  <ItemGroup>
    <ClInclude Include="Plane.h">
      <Filter>Source Files\Header\Primitive</Filter>
    </ClInclude>
    <ClInclude Include="Cube.h">
      <Filter>Source Files\Header\Primitive</Filter>
    </ClInclude>
    <ClInclude Include="Cylinder.h">
      <Filter>Source Files\Header\Primitive</Filter>
    </ClInclude>
    <ClInclude Include="Background.h">
      <Filter>Source Files\Header</Filter>
    </ClInclude>
    <ClInclude Include="Bitmap.h">
      <Filter>Source Files\Header</Filter>
    </ClInclude>
    <ClInclude Include="DirectionalLight.h">
      <Filter>Source Files\Header\Light</Filter>
    </ClInclude>
    <ClInclude Include="Light.h">
      <Filter>Source Files\Header\Light</Filter>
    </ClInclude>
    <ClInclude Include="Material.h">
      <Filter>Source Files\Header</Filter>
    </ClInclude>
    <ClInclude Include="Primitive.h">
      <Filter>Source Files\Header\Primitive</Filter>
    </ClInclude>
    <ClInclude Include="Ray.h">
      <Filter>Source Files\Header</Filter>
    </ClInclude>
    <ClInclude Include="Sphere.h">
      <Filter>Source Files\Header\Primitive</Filter>
    </ClInclude>
    <ClInclude Include="Tracer.h">
      <Filter>Source Files\Header</Filter>
    </ClInclude>
    <ClInclude Include="Header\Matrix.h">
      <Filter>Source Files\Header\Utils</Filter>
    </ClInclude>
    <ClInclude Include="vec3.h">
      <Filter>Source Files\Header\Utils</Filter>
    </ClInclude>
    <ClInclude Include="Intersection.h">
      <Filter>Source Files\Header\Utils</Filter>
    </ClInclude>
  </ItemGroup>
  <ItemGroup>
    <None Include="vec3.inl">
      <Filter>Source Files\Lib\Utils</Filter>
    </None>
  </ItemGroup>
</Project>