<?xml version="1.0" encoding="utf-8"?>
<Project ToolsVersion="4.0" xmlns="http://schemas.microsoft.com/developer/msbuild/2003">
  <ItemGroup>
    <Filter Include="Source Files">
      <UniqueIdentifier>{4FC737F1-C7A5-4376-A066-2A32D752A2FF}</UniqueIdentifier>
      <Extensions>cpp;c;cc;cxx;def;odl;idl;hpj;bat;asm;asmx</Extensions>
    </Filter>
    <Filter Include="Header Files">
      <UniqueIdentifier>{93995380-89BD-4b04-88EB-625FBE52EBFB}</UniqueIdentifier>
      <Extensions>h;hh;hpp;hxx;hm;inl;inc;xsd</Extensions>
    </Filter>
    <Filter Include="Resource Files">
      <UniqueIdentifier>{67DA6AB6-F800-4c08-8B7A-83BB121AAD01}</UniqueIdentifier>
      <Extensions>rc;ico;cur;bmp;dlg;rc2;rct;bin;rgs;gif;jpg;jpeg;jpe;resx;tiff;tif;png;wav;mfcribbon-ms</Extensions>
    </Filter>
  </ItemGroup>
  <ItemGroup>
    <ClCompile Include="RayTracer.cpp">
      <Filter>Source Files</Filter>
    </ClCompile>
    <ClCompile Include="Lib\Camera.cpp">
      <Filter>Source Files</Filter>
    </ClCompile>
    <ClCompile Include="Lib\Material.cpp">
      <Filter>Source Files</Filter>
    </ClCompile>
    <ClCompile Include="Lib\Ray.cpp">
      <Filter>Source Files</Filter>
    </ClCompile>
    <ClCompile Include="Lib\Tracer.cpp">
      <Filter>Source Files</Filter>
    </ClCompile>
    <ClCompile Include="Lib\Light\DirectionalLight.cpp">
      <Filter>Source Files</Filter>
    </ClCompile>
    <ClCompile Include="Lib\Light\Light.cpp">
      <Filter>Source Files</Filter>
    </ClCompile>
    <ClCompile Include="Lib\Primitive\Cube.cpp">
      <Filter>Source Files</Filter>
    </ClCompile>
    <ClCompile Include="Lib\Primitive\Cylinder.cpp">
      <Filter>Source Files</Filter>
    </ClCompile>
    <ClCompile Include="Lib\Primitive\Plane.cpp">
      <Filter>Source Files</Filter>
    </ClCompile>
    <ClCompile Include="Lib\Primitive\Primitive.cpp">
      <Filter>Source Files</Filter>
    </ClCompile>
    <ClCompile Include="Lib\Primitive\Sphere.cpp">
      <Filter>Source Files</Filter>
    </ClCompile>
    <ClCompile Include="Lib\Utils\Matrix.cpp">
      <Filter>Source Files</Filter>
    </ClCompile>
    <ClCompile Include="Lib\Bitmap.cpp">
      <Filter>Source Files</Filter>
    </ClCompile>
  </ItemGroup>
  <ItemGroup>
    <ClInclude Include="Cylinder.h">
      <Filter>Source Files\Header\Primitive</Filter>
    </ClInclude>
    <ClInclude Include="Header\Primitive\Cube.h">
      <Filter>Source Files</Filter>
    </ClInclude>
    <ClInclude Include="Header\Primitive\Cylinder.h">
      <Filter>Source Files</Filter>
    </ClInclude>
    <ClInclude Include="Header\Primitive\Plane.h">
      <Filter>Source Files</Filter>
    </ClInclude>
    <ClInclude Include="Header\Primitive\Primitive.h">
      <Filter>Source Files</Filter>
    </ClInclude>
    <ClInclude Include="Header\Primitive\Sphere.h">
      <Filter>Source Files</Filter>
    </ClInclude>
    <ClInclude Include="Header\Light\DirectionalLight.h">
      <Filter>Source Files</Filter>
    </ClInclude>
    <ClInclude Include="Header\Light\Light.h">
      <Filter>Source Files</Filter>
    </ClInclude>
    <ClInclude Include="Header\Utils\Intersection.h">
      <Filter>Source Files</Filter>
    </ClInclude>
    <ClInclude Include="Header\Utils\Matrix.h">
      <Filter>Source Files</Filter>
    </ClInclude>
    <ClInclude Include="Header\Utils\vec3.h">
      <Filter>Source Files</Filter>
    </ClInclude>
    <ClInclude Include="Header\Material.h">
      <Filter>Source Files</Filter>
    </ClInclude>
    <ClInclude Include="Header\Ray.h">
      <Filter>Source Files</Filter>
    </ClInclude>
    <ClInclude Include="Header\Tracer.h">
      <Filter>Source Files</Filter>
    </ClInclude>
    <ClInclude Include="Header\Background.h">
      <Filter>Source Files</Filter>
    </ClInclude>
    <ClInclude Include="Header\Bitmap.h">
      <Filter>Source Files</Filter>
    </ClInclude>
  </ItemGroup>
  <ItemGroup>
    <None Include="Lib\Utils\vec3.inl">
      <Filter>Source Files</Filter>
    </None>
  </ItemGroup>
</Project>